
Microsoft Visual Studio Solution File, Format Version 12.00
# Visual Studio Version 16
VisualStudioVersion = 16.0.29609.76
MinimumVisualStudioVersion = 10.0.40219.1
Project("{FAE04EC0-301F-11D3-BF4B-00C04F79EFBC}") = "Task7", "Task7\Task7.csproj", "{2DBD956A-95FC-46C5-9832-77E41AF26E94}"
EndProject
Global
	GlobalSection(SolutionConfigurationPlatforms) = preSolution
		Debug|Any CPU = Debug|Any CPU
		Release|Any CPU = Release|Any CPU
	EndGlobalSection
	GlobalSection(ProjectConfigurationPlatforms) = postSolution
		{2DBD956A-95FC-46C5-9832-77E41AF26E94}.Debug|Any CPU.ActiveCfg = Debug|Any CPU
		{2DBD956A-95FC-46C5-9832-77E41AF26E94}.Debug|Any CPU.Build.0 = Debug|Any CPU
		{2DBD956A-95FC-46C5-9832-77E41AF26E94}.Release|Any CPU.ActiveCfg = Release|Any CPU
		{2DBD956A-95FC-46C5-9832-77E41AF26E94}.Release|Any CPU.Build.0 = Release|Any CPU
	EndGlobalSection
	GlobalSection(SolutionProperties) = preSolution
		HideSolutionNode = FALSE
	EndGlobalSection
	GlobalSection(ExtensibilityGlobals) = postSolution
		SolutionGuid = {199FE15C-7721-4F4B-B95F-B4B3C898DD90}
	EndGlobalSection
EndGlobal
